
Microsoft Visual Studio Solution File, Format Version 12.00
# Visual Studio 14
VisualStudioVersion = 14.0.25420.1
MinimumVisualStudioVersion = 10.0.40219.1
Project("{FAE04EC0-301F-11D3-BF4B-00C04F79EFBC}") = "Exercices", "Exercices\Exercices.csproj", "{D9D5A2B1-D1BF-4104-ABCA-BBAB1C0DFF84}"
EndProject
Project("{FAE04EC0-301F-11D3-BF4B-00C04F79EFBC}") = "ADO", "ADO\ADO.csproj", "{7E14EED6-56FD-4ADF-B55F-7F0646C9D18E}"
EndProject
Project("{FAE04EC0-301F-11D3-BF4B-00C04F79EFBC}") = "ProjetCollectionBD", "ProjetCollectionBD\ProjetCollectionBD.csproj", "{BBFC1835-4917-48F1-84D8-4B925277D4C0}"
EndProject
Global
	GlobalSection(SolutionConfigurationPlatforms) = preSolution
		Debug|Any CPU = Debug|Any CPU
		Release|Any CPU = Release|Any CPU
	EndGlobalSection
	GlobalSection(ProjectConfigurationPlatforms) = postSolution
		{D9D5A2B1-D1BF-4104-ABCA-BBAB1C0DFF84}.Debug|Any CPU.ActiveCfg = Debug|Any CPU
		{D9D5A2B1-D1BF-4104-ABCA-BBAB1C0DFF84}.Debug|Any CPU.Build.0 = Debug|Any CPU
		{D9D5A2B1-D1BF-4104-ABCA-BBAB1C0DFF84}.Release|Any CPU.ActiveCfg = Release|Any CPU
		{D9D5A2B1-D1BF-4104-ABCA-BBAB1C0DFF84}.Release|Any CPU.Build.0 = Release|Any CPU
		{7E14EED6-56FD-4ADF-B55F-7F0646C9D18E}.Debug|Any CPU.ActiveCfg = Debug|Any CPU
		{7E14EED6-56FD-4ADF-B55F-7F0646C9D18E}.Debug|Any CPU.Build.0 = Debug|Any CPU
		{7E14EED6-56FD-4ADF-B55F-7F0646C9D18E}.Release|Any CPU.ActiveCfg = Release|Any CPU
		{7E14EED6-56FD-4ADF-B55F-7F0646C9D18E}.Release|Any CPU.Build.0 = Release|Any CPU
		{BBFC1835-4917-48F1-84D8-4B925277D4C0}.Debug|Any CPU.ActiveCfg = Debug|Any CPU
		{BBFC1835-4917-48F1-84D8-4B925277D4C0}.Debug|Any CPU.Build.0 = Debug|Any CPU
		{BBFC1835-4917-48F1-84D8-4B925277D4C0}.Release|Any CPU.ActiveCfg = Release|Any CPU
		{BBFC1835-4917-48F1-84D8-4B925277D4C0}.Release|Any CPU.Build.0 = Release|Any CPU
	EndGlobalSection
	GlobalSection(SolutionProperties) = preSolution
		HideSolutionNode = FALSE
	EndGlobalSection
EndGlobal
